
Microsoft Visual Studio Solution File, Format Version 12.00
# Visual Studio Version 16
VisualStudioVersion = 16.0.31129.286
MinimumVisualStudioVersion = 10.0.40219.1
Project("{FAE04EC0-301F-11D3-BF4B-00C04F79EFBC}") = "ComputerUptime", "ComputerUptime.csproj", "{5492C44B-91EB-44C0-BB54-DE2130B7F789}"
EndProject
Global
	GlobalSection(SolutionConfigurationPlatforms) = preSolution
		Debug|Any CPU = Debug|Any CPU
		Release|Any CPU = Release|Any CPU
	EndGlobalSection
	GlobalSection(ProjectConfigurationPlatforms) = postSolution
		{5492C44B-91EB-44C0-BB54-DE2130B7F789}.Debug|Any CPU.ActiveCfg = Debug|Any CPU
		{5492C44B-91EB-44C0-BB54-DE2130B7F789}.Debug|Any CPU.Build.0 = Debug|Any CPU
		{5492C44B-91EB-44C0-BB54-DE2130B7F789}.Release|Any CPU.ActiveCfg = Release|Any CPU
		{5492C44B-91EB-44C0-BB54-DE2130B7F789}.Release|Any CPU.Build.0 = Release|Any CPU
	EndGlobalSection
	GlobalSection(SolutionProperties) = preSolution
		HideSolutionNode = FALSE
	EndGlobalSection
	GlobalSection(ExtensibilityGlobals) = postSolution
		SolutionGuid = {40FB286C-9738-41E6-B0D8-CB6B9DF00058}
	EndGlobalSection
EndGlobal
